// !$*UTF8*$!
{
	archiveVersion = 1;
	classes = {
	};
	objectVersion = 56;
	objects = {

/* Begin PBXBuildFile section */
		E654EEA82B8CC2B0007FB343 /* AppDelegate.swift in Sources */ = {isa = PBXBuildFile; fileRef = E654EEA72B8CC2B0007FB343 /* AppDelegate.swift */; };
		E654EEAA2B8CC2B0007FB343 /* SceneDelegate.swift in Sources */ = {isa = PBXBuildFile; fileRef = E654EEA92B8CC2B0007FB343 /* SceneDelegate.swift */; };
		E654EEAF2B8CC2B0007FB343 /* Main.storyboard in Resources */ = {isa = PBXBuildFile; fileRef = E654EEAD2B8CC2B0007FB343 /* Main.storyboard */; };
		E654EEB12B8CC2B3007FB343 /* Assets.xcassets in Resources */ = {isa = PBXBuildFile; fileRef = E654EEB02B8CC2B3007FB343 /* Assets.xcassets */; };
		E654EEB42B8CC2B3007FB343 /* LaunchScreen.storyboard in Resources */ = {isa = PBXBuildFile; fileRef = E654EEB22B8CC2B3007FB343 /* LaunchScreen.storyboard */; };
		E654EEC12B8CD5D2007FB343 /* TabBarViewController.swift in Sources */ = {isa = PBXBuildFile; fileRef = E654EEC02B8CD5D2007FB343 /* TabBarViewController.swift */; };
		E654EEC32B8CD5FC007FB343 /* ContactListViewController.swift in Sources */ = {isa = PBXBuildFile; fileRef = E654EEC22B8CD5FC007FB343 /* ContactListViewController.swift */; };
		E654EEC52B8CD63E007FB343 /* DetailsViewController.swift in Sources */ = {isa = PBXBuildFile; fileRef = E654EEC42B8CD63E007FB343 /* DetailsViewController.swift */; };
		E654EEC72B8CD6B4007FB343 /* DetailSectionsViewController.swift in Sources */ = {isa = PBXBuildFile; fileRef = E654EEC62B8CD6B4007FB343 /* DetailSectionsViewController.swift */; };
		E654EEC92B8CD787007FB343 /* Person.swift in Sources */ = {isa = PBXBuildFile; fileRef = E654EEC82B8CD787007FB343 /* Person.swift */; };
		E654EECB2B8CD798007FB343 /* DataStore.swift in Sources */ = {isa = PBXBuildFile; fileRef = E654EECA2B8CD798007FB343 /* DataStore.swift */; };
/* End PBXBuildFile section */

/* Begin PBXFileReference section */
		E654EEA42B8CC2B0007FB343 /* ContactListSB.app */ = {isa = PBXFileReference; explicitFileType = wrapper.application; includeInIndex = 0; path = ContactListSB.app; sourceTree = BUILT_PRODUCTS_DIR; };
		E654EEA72B8CC2B0007FB343 /* AppDelegate.swift */ = {isa = PBXFileReference; lastKnownFileType = sourcecode.swift; path = AppDelegate.swift; sourceTree = "<group>"; };
		E654EEA92B8CC2B0007FB343 /* SceneDelegate.swift */ = {isa = PBXFileReference; lastKnownFileType = sourcecode.swift; path = SceneDelegate.swift; sourceTree = "<group>"; };
		E654EEAE2B8CC2B0007FB343 /* Base */ = {isa = PBXFileReference; lastKnownFileType = file.storyboard; name = Base; path = Base.lproj/Main.storyboard; sourceTree = "<group>"; };
		E654EEB02B8CC2B3007FB343 /* Assets.xcassets */ = {isa = PBXFileReference; lastKnownFileType = folder.assetcatalog; path = Assets.xcassets; sourceTree = "<group>"; };
		E654EEB32B8CC2B3007FB343 /* Base */ = {isa = PBXFileReference; lastKnownFileType = file.storyboard; name = Base; path = Base.lproj/LaunchScreen.storyboard; sourceTree = "<group>"; };
		E654EEB52B8CC2B3007FB343 /* Info.plist */ = {isa = PBXFileReference; lastKnownFileType = text.plist.xml; path = Info.plist; sourceTree = "<group>"; };
		E654EEC02B8CD5D2007FB343 /* TabBarViewController.swift */ = {isa = PBXFileReference; lastKnownFileType = sourcecode.swift; path = TabBarViewController.swift; sourceTree = "<group>"; };
		E654EEC22B8CD5FC007FB343 /* ContactListViewController.swift */ = {isa = PBXFileReference; lastKnownFileType = sourcecode.swift; path = ContactListViewController.swift; sourceTree = "<group>"; };
		E654EEC42B8CD63E007FB343 /* DetailsViewController.swift */ = {isa = PBXFileReference; lastKnownFileType = sourcecode.swift; path = DetailsViewController.swift; sourceTree = "<group>"; };
		E654EEC62B8CD6B4007FB343 /* DetailSectionsViewController.swift */ = {isa = PBXFileReference; lastKnownFileType = sourcecode.swift; path = DetailSectionsViewController.swift; sourceTree = "<group>"; };
		E654EEC82B8CD787007FB343 /* Person.swift */ = {isa = PBXFileReference; lastKnownFileType = sourcecode.swift; path = Person.swift; sourceTree = "<group>"; };
		E654EECA2B8CD798007FB343 /* DataStore.swift */ = {isa = PBXFileReference; lastKnownFileType = sourcecode.swift; path = DataStore.swift; sourceTree = "<group>"; };
/* End PBXFileReference section */

/* Begin PBXFrameworksBuildPhase section */
		E654EEA12B8CC2B0007FB343 /* Frameworks */ = {
			isa = PBXFrameworksBuildPhase;
			buildActionMask = 2147483647;
			files = (
			);
			runOnlyForDeploymentPostprocessing = 0;
		};
/* End PBXFrameworksBuildPhase section */

/* Begin PBXGroup section */
		E654EE9B2B8CC2B0007FB343 = {
			isa = PBXGroup;
			children = (
				E654EEA62B8CC2B0007FB343 /* ContactListSB */,
				E654EEA52B8CC2B0007FB343 /* Products */,
			);
			sourceTree = "<group>";
		};
		E654EEA52B8CC2B0007FB343 /* Products */ = {
			isa = PBXGroup;
			children = (
				E654EEA42B8CC2B0007FB343 /* ContactListSB.app */,
			);
			name = Products;
			sourceTree = "<group>";
		};
		E654EEA62B8CC2B0007FB343 /* ContactListSB */ = {
			isa = PBXGroup;
			children = (
				E654EEBC2B8CCC26007FB343 /* ViewControllers */,
				E654EEBD2B8CCC3C007FB343 /* StotyBoards */,
				E654EEBE2B8CCC57007FB343 /* Models */,
				E654EEBF2B8CCC5F007FB343 /* Services */,
				E654EEBB2B8CCC03007FB343 /* App */,
			);
			path = ContactListSB;
			sourceTree = "<group>";
		};
		E654EEBB2B8CCC03007FB343 /* App */ = {
			isa = PBXGroup;
			children = (
				E654EEA72B8CC2B0007FB343 /* AppDelegate.swift */,
				E654EEA92B8CC2B0007FB343 /* SceneDelegate.swift */,
				E654EEB52B8CC2B3007FB343 /* Info.plist */,
			);
			path = App;
			sourceTree = "<group>";
		};
		E654EEBC2B8CCC26007FB343 /* ViewControllers */ = {
			isa = PBXGroup;
			children = (
				E654EEC02B8CD5D2007FB343 /* TabBarViewController.swift */,
				E654EEC22B8CD5FC007FB343 /* ContactListViewController.swift */,
				E654EEC62B8CD6B4007FB343 /* DetailSectionsViewController.swift */,
				E654EEC42B8CD63E007FB343 /* DetailsViewController.swift */,
			);
			path = ViewControllers;
			sourceTree = "<group>";
		};
		E654EEBD2B8CCC3C007FB343 /* StotyBoards */ = {
			isa = PBXGroup;
			children = (
				E654EEAD2B8CC2B0007FB343 /* Main.storyboard */,
				E654EEB22B8CC2B3007FB343 /* LaunchScreen.storyboard */,
			);
			path = StotyBoards;
			sourceTree = "<group>";
		};
		E654EEBE2B8CCC57007FB343 /* Models */ = {
			isa = PBXGroup;
			children = (
				E654EEC82B8CD787007FB343 /* Person.swift */,
			);
			path = Models;
			sourceTree = "<group>";
		};
		E654EEBF2B8CCC5F007FB343 /* Services */ = {
			isa = PBXGroup;
			children = (
				E654EECA2B8CD798007FB343 /* DataStore.swift */,
				E654EEB02B8CC2B3007FB343 /* Assets.xcassets */,
			);
			path = Services;
			sourceTree = "<group>";
		};
/* End PBXGroup section */

/* Begin PBXNativeTarget section */
		E654EEA32B8CC2B0007FB343 /* ContactListSB */ = {
			isa = PBXNativeTarget;
			buildConfigurationList = E654EEB82B8CC2B3007FB343 /* Build configuration list for PBXNativeTarget "ContactListSB" */;
			buildPhases = (
				E654EEA02B8CC2B0007FB343 /* Sources */,
				E654EEA12B8CC2B0007FB343 /* Frameworks */,
				E654EEA22B8CC2B0007FB343 /* Resources */,
			);
			buildRules = (
			);
			dependencies = (
			);
			name = ContactListSB;
			productName = ContactListSB;
			productReference = E654EEA42B8CC2B0007FB343 /* ContactListSB.app */;
			productType = "com.apple.product-type.application";
		};
/* End PBXNativeTarget section */

/* Begin PBXProject section */
		E654EE9C2B8CC2B0007FB343 /* Project object */ = {
			isa = PBXProject;
			attributes = {
				BuildIndependentTargetsInParallel = 1;
				LastSwiftUpdateCheck = 1520;
				LastUpgradeCheck = 1520;
				TargetAttributes = {
					E654EEA32B8CC2B0007FB343 = {
						CreatedOnToolsVersion = 15.2;
					};
				};
			};
			buildConfigurationList = E654EE9F2B8CC2B0007FB343 /* Build configuration list for PBXProject "ContactListSB" */;
			compatibilityVersion = "Xcode 14.0";
			developmentRegion = en;
			hasScannedForEncodings = 0;
			knownRegions = (
				en,
				Base,
			);
			mainGroup = E654EE9B2B8CC2B0007FB343;
			productRefGroup = E654EEA52B8CC2B0007FB343 /* Products */;
			projectDirPath = "";
			projectRoot = "";
			targets = (
				E654EEA32B8CC2B0007FB343 /* ContactListSB */,
			);
		};
/* End PBXProject section */

/* Begin PBXResourcesBuildPhase section */
		E654EEA22B8CC2B0007FB343 /* Resources */ = {
			isa = PBXResourcesBuildPhase;
			buildActionMask = 2147483647;
			files = (
				E654EEB42B8CC2B3007FB343 /* LaunchScreen.storyboard in Resources */,
				E654EEB12B8CC2B3007FB343 /* Assets.xcassets in Resources */,
				E654EEAF2B8CC2B0007FB343 /* Main.storyboard in Resources */,
			);
			runOnlyForDeploymentPostprocessing = 0;
		};
/* End PBXResourcesBuildPhase section */

/* Begin PBXSourcesBuildPhase section */
		E654EEA02B8CC2B0007FB343 /* Sources */ = {
			isa = PBXSourcesBuildPhase;
			buildActionMask = 2147483647;
			files = (
				E654EEA82B8CC2B0007FB343 /* AppDelegate.swift in Sources */,
				E654EECB2B8CD798007FB343 /* DataStore.swift in Sources */,
				E654EEC32B8CD5FC007FB343 /* ContactListViewController.swift in Sources */,
				E654EEC12B8CD5D2007FB343 /* TabBarViewController.swift in Sources */,
				E654EEAA2B8CC2B0007FB343 /* SceneDelegate.swift in Sources */,
				E654EEC92B8CD787007FB343 /* Person.swift in Sources */,
				E654EEC52B8CD63E007FB343 /* DetailsViewController.swift in Sources */,
				E654EEC72B8CD6B4007FB343 /* DetailSectionsViewController.swift in Sources */,
			);
			runOnlyForDeploymentPostprocessing = 0;
		};
/* End PBXSourcesBuildPhase section */

/* Begin PBXVariantGroup section */
		E654EEAD2B8CC2B0007FB343 /* Main.storyboard */ = {
			isa = PBXVariantGroup;
			children = (
				E654EEAE2B8CC2B0007FB343 /* Base */,
			);
			name = Main.storyboard;
			sourceTree = "<group>";
		};
		E654EEB22B8CC2B3007FB343 /* LaunchScreen.storyboard */ = {
			isa = PBXVariantGroup;
			children = (
				E654EEB32B8CC2B3007FB343 /* Base */,
			);
			name = LaunchScreen.storyboard;
			sourceTree = "<group>";
		};
/* End PBXVariantGroup section */

/* Begin XCBuildConfiguration section */
		E654EEB62B8CC2B3007FB343 /* Debug */ = {
			isa = XCBuildConfiguration;
			buildSettings = {
				ALWAYS_SEARCH_USER_PATHS = NO;
				ASSETCATALOG_COMPILER_GENERATE_SWIFT_ASSET_SYMBOL_EXTENSIONS = YES;
				CLANG_ANALYZER_NONNULL = YES;
				CLANG_ANALYZER_NUMBER_OBJECT_CONVERSION = YES_AGGRESSIVE;
				CLANG_CXX_LANGUAGE_STANDARD = "gnu++20";
				CLANG_ENABLE_MODULES = YES;
				CLANG_ENABLE_OBJC_ARC = YES;
				CLANG_ENABLE_OBJC_WEAK = YES;
				CLANG_WARN_BLOCK_CAPTURE_AUTORELEASING = YES;
				CLANG_WARN_BOOL_CONVERSION = YES;
				CLANG_WARN_COMMA = YES;
				CLANG_WARN_CONSTANT_CONVERSION = YES;
				CLANG_WARN_DEPRECATED_OBJC_IMPLEMENTATIONS = YES;
				CLANG_WARN_DIRECT_OBJC_ISA_USAGE = YES_ERROR;
				CLANG_WARN_DOCUMENTATION_COMMENTS = YES;
				CLANG_WARN_EMPTY_BODY = YES;
				CLANG_WARN_ENUM_CONVERSION = YES;
				CLANG_WARN_INFINITE_RECURSION = YES;
				CLANG_WARN_INT_CONVERSION = YES;
				CLANG_WARN_NON_LITERAL_NULL_CONVERSION = YES;
				CLANG_WARN_OBJC_IMPLICIT_RETAIN_SELF = YES;
				CLANG_WARN_OBJC_LITERAL_CONVERSION = YES;
				CLANG_WARN_OBJC_ROOT_CLASS = YES_ERROR;
				CLANG_WARN_QUOTED_INCLUDE_IN_FRAMEWORK_HEADER = YES;
				CLANG_WARN_RANGE_LOOP_ANALYSIS = YES;
				CLANG_WARN_STRICT_PROTOTYPES = YES;
				CLANG_WARN_SUSPICIOUS_MOVE = YES;
				CLANG_WARN_UNGUARDED_AVAILABILITY = YES_AGGRESSIVE;
				CLANG_WARN_UNREACHABLE_CODE = YES;
				CLANG_WARN__DUPLICATE_METHOD_MATCH = YES;
				COPY_PHASE_STRIP = NO;
				DEBUG_INFORMATION_FORMAT = dwarf;
				ENABLE_STRICT_OBJC_MSGSEND = YES;
				ENABLE_TESTABILITY = YES;
				ENABLE_USER_SCRIPT_SANDBOXING = YES;
				GCC_C_LANGUAGE_STANDARD = gnu17;
				GCC_DYNAMIC_NO_PIC = NO;
				GCC_NO_COMMON_BLOCKS = YES;
				GCC_OPTIMIZATION_LEVEL = 0;
				GCC_PREPROCESSOR_DEFINITIONS = (
					"DEBUG=1",
					"$(inherited)",
				);
				GCC_WARN_64_TO_32_BIT_CONVERSION = YES;
				GCC_WARN_ABOUT_RETURN_TYPE = YES_ERROR;
				GCC_WARN_UNDECLARED_SELECTOR = YES;
				GCC_WARN_UNINITIALIZED_AUTOS = YES_AGGRESSIVE;
				GCC_WARN_UNUSED_FUNCTION = YES;
				GCC_WARN_UNUSED_VARIABLE = YES;
				IPHONEOS_DEPLOYMENT_TARGET = 17.2;
				LOCALIZATION_PREFERS_STRING_CATALOGS = YES;
				MTL_ENABLE_DEBUG_INFO = INCLUDE_SOURCE;
				MTL_FAST_MATH = YES;
				ONLY_ACTIVE_ARCH = YES;
				SDKROOT = iphoneos;
				SWIFT_ACTIVE_COMPILATION_CONDITIONS = "DEBUG $(inherited)";
				SWIFT_OPTIMIZATION_LEVEL = "-Onone";
			};
			name = Debug;
		};
		E654EEB72B8CC2B3007FB343 /* Release */ = {
			isa = XCBuildConfiguration;
			buildSettings = {
				ALWAYS_SEARCH_USER_PATHS = NO;
				ASSETCATALOG_COMPILER_GENERATE_SWIFT_ASSET_SYMBOL_EXTENSIONS = YES;
				CLANG_ANALYZER_NONNULL = YES;
				CLANG_ANALYZER_NUMBER_OBJECT_CONVERSION = YES_AGGRESSIVE;
				CLANG_CXX_LANGUAGE_STANDARD = "gnu++20";
				CLANG_ENABLE_MODULES = YES;
				CLANG_ENABLE_OBJC_ARC = YES;
				CLANG_ENABLE_OBJC_WEAK = YES;
				CLANG_WARN_BLOCK_CAPTURE_AUTORELEASING = YES;
				CLANG_WARN_BOOL_CONVERSION = YES;
				CLANG_WARN_COMMA = YES;
				CLANG_WARN_CONSTANT_CONVERSION = YES;
				CLANG_WARN_DEPRECATED_OBJC_IMPLEMENTATIONS = YES;
				CLANG_WARN_DIRECT_OBJC_ISA_USAGE = YES_ERROR;
				CLANG_WARN_DOCUMENTATION_COMMENTS = YES;
				CLANG_WARN_EMPTY_BODY = YES;
				CLANG_WARN_ENUM_CONVERSION = YES;
				CLANG_WARN_INFINITE_RECURSION = YES;
				CLANG_WARN_INT_CONVERSION = YES;
				CLANG_WARN_NON_LITERAL_NULL_CONVERSION = YES;
				CLANG_WARN_OBJC_IMPLICIT_RETAIN_SELF = YES;
				CLANG_WARN_OBJC_LITERAL_CONVERSION = YES;
				CLANG_WARN_OBJC_ROOT_CLASS = YES_ERROR;
				CLANG_WARN_QUOTED_INCLUDE_IN_FRAMEWORK_HEADER = YES;
				CLANG_WARN_RANGE_LOOP_ANALYSIS = YES;
				CLANG_WARN_STRICT_PROTOTYPES = YES;
				CLANG_WARN_SUSPICIOUS_MOVE = YES;
				CLANG_WARN_UNGUARDED_AVAILABILITY = YES_AGGRESSIVE;
				CLANG_WARN_UNREACHABLE_CODE = YES;
				CLANG_WARN__DUPLICATE_METHOD_MATCH = YES;
				COPY_PHASE_STRIP = NO;
				DEBUG_INFORMATION_FORMAT = "dwarf-with-dsym";
				ENABLE_NS_ASSERTIONS = NO;
				ENABLE_STRICT_OBJC_MSGSEND = YES;
				ENABLE_USER_SCRIPT_SANDBOXING = YES;
				GCC_C_LANGUAGE_STANDARD = gnu17;
				GCC_NO_COMMON_BLOCKS = YES;
				GCC_WARN_64_TO_32_BIT_CONVERSION = YES;
				GCC_WARN_ABOUT_RETURN_TYPE = YES_ERROR;
				GCC_WARN_UNDECLARED_SELECTOR = YES;
				GCC_WARN_UNINITIALIZED_AUTOS = YES_AGGRESSIVE;
				GCC_WARN_UNUSED_FUNCTION = YES;
				GCC_WARN_UNUSED_VARIABLE = YES;
				IPHONEOS_DEPLOYMENT_TARGET = 17.2;
				LOCALIZATION_PREFERS_STRING_CATALOGS = YES;
				MTL_ENABLE_DEBUG_INFO = NO;
				MTL_FAST_MATH = YES;
				SDKROOT = iphoneos;
				SWIFT_COMPILATION_MODE = wholemodule;
				VALIDATE_PRODUCT = YES;
			};
			name = Release;
		};
		E654EEB92B8CC2B3007FB343 /* Debug */ = {
			isa = XCBuildConfiguration;
			buildSettings = {
				ASSETCATALOG_COMPILER_APPICON_NAME = AppIcon;
				ASSETCATALOG_COMPILER_GLOBAL_ACCENT_COLOR_NAME = AccentColor;
				CODE_SIGN_STYLE = Automatic;
				CURRENT_PROJECT_VERSION = 1;
				DEVELOPMENT_TEAM = A2JB7XLY38;
				GENERATE_INFOPLIST_FILE = YES;
				INFOPLIST_FILE = ContactListSB/App/Info.plist;
				INFOPLIST_KEY_UIApplicationSupportsIndirectInputEvents = YES;
				INFOPLIST_KEY_UILaunchStoryboardName = LaunchScreen;
				INFOPLIST_KEY_UIMainStoryboardFile = Main;
				INFOPLIST_KEY_UISupportedInterfaceOrientations = UIInterfaceOrientationPortrait;
				INFOPLIST_KEY_UISupportedInterfaceOrientations_iPad = "UIInterfaceOrientationLandscapeLeft UIInterfaceOrientationLandscapeRight UIInterfaceOrientationPortrait UIInterfaceOrientationPortraitUpsideDown";
				LD_RUNPATH_SEARCH_PATHS = (
					"$(inherited)",
					"@executable_path/Frameworks",
				);
				MARKETING_VERSION = 1.0;
				PRODUCT_BUNDLE_IDENTIFIER = iosApp.ContactListSB;
				PRODUCT_NAME = "$(TARGET_NAME)";
				SUPPORTED_PLATFORMS = "iphoneos iphonesimulator";
				SUPPORTS_MACCATALYST = NO;
				SUPPORTS_MAC_DESIGNED_FOR_IPHONE_IPAD = NO;
				SUPPORTS_XR_DESIGNED_FOR_IPHONE_IPAD = NO;
				SWIFT_EMIT_LOC_STRINGS = YES;
				SWIFT_VERSION = 5.0;
				TARGETED_DEVICE_FAMILY = 1;
			};
			name = Debug;
		};
		E654EEBA2B8CC2B3007FB343 /* Release */ = {
			isa = XCBuildConfiguration;
			buildSettings = {
				ASSETCATALOG_COMPILER_APPICON_NAME = AppIcon;
				ASSETCATALOG_COMPILER_GLOBAL_ACCENT_COLOR_NAME = AccentColor;
				CODE_SIGN_STYLE = Automatic;
				CURRENT_PROJECT_VERSION = 1;
				DEVELOPMENT_TEAM = A2JB7XLY38;
				GENERATE_INFOPLIST_FILE = YES;
				INFOPLIST_FILE = ContactListSB/App/Info.plist;
				INFOPLIST_KEY_UIApplicationSupportsIndirectInputEvents = YES;
				INFOPLIST_KEY_UILaunchStoryboardName = LaunchScreen;
				INFOPLIST_KEY_UIMainStoryboardFile = Main;
				INFOPLIST_KEY_UISupportedInterfaceOrientations = UIInterfaceOrientationPortrait;
				INFOPLIST_KEY_UISupportedInterfaceOrientations_iPad = "UIInterfaceOrientationLandscapeLeft UIInterfaceOrientationLandscapeRight UIInterfaceOrientationPortrait UIInterfaceOrientationPortraitUpsideDown";
				LD_RUNPATH_SEARCH_PATHS = (
					"$(inherited)",
					"@executable_path/Frameworks",
				);
				MARKETING_VERSION = 1.0;
				PRODUCT_BUNDLE_IDENTIFIER = iosApp.ContactListSB;
				PRODUCT_NAME = "$(TARGET_NAME)";
				SUPPORTED_PLATFORMS = "iphoneos iphonesimulator";
				SUPPORTS_MACCATALYST = NO;
				SUPPORTS_MAC_DESIGNED_FOR_IPHONE_IPAD = NO;
				SUPPORTS_XR_DESIGNED_FOR_IPHONE_IPAD = NO;
				SWIFT_EMIT_LOC_STRINGS = YES;
				SWIFT_VERSION = 5.0;
				TARGETED_DEVICE_FAMILY = 1;
			};
			name = Release;
		};
/* End XCBuildConfiguration section */

/* Begin XCConfigurationList section */
		E654EE9F2B8CC2B0007FB343 /* Build configuration list for PBXProject "ContactListSB" */ = {
			isa = XCConfigurationList;
			buildConfigurations = (
				E654EEB62B8CC2B3007FB343 /* Debug */,
				E654EEB72B8CC2B3007FB343 /* Release */,
			);
			defaultConfigurationIsVisible = 0;
			defaultConfigurationName = Release;
		};
		E654EEB82B8CC2B3007FB343 /* Build configuration list for PBXNativeTarget "ContactListSB" */ = {
			isa = XCConfigurationList;
			buildConfigurations = (
				E654EEB92B8CC2B3007FB343 /* Debug */,
				E654EEBA2B8CC2B3007FB343 /* Release */,
			);
			defaultConfigurationIsVisible = 0;
			defaultConfigurationName = Release;
		};
/* End XCConfigurationList section */
	};
	rootObject = E654EE9C2B8CC2B0007FB343 /* Project object */;
}
